
Microsoft Visual Studio Solution File, Format Version 12.00
# Visual Studio 15
VisualStudioVersion = 15.0.28307.1321
MinimumVisualStudioVersion = 10.0.40219.1
Project("{FAE04EC0-301F-11D3-BF4B-00C04F79EFBC}") = "Racoon", "Racoon\Racoon.csproj", "{3CFFDDA0-C99B-472F-BC4D-A41D62AFF63B}"
EndProject
Global
	GlobalSection(SolutionConfigurationPlatforms) = preSolution
		Debug|Any CPU = Debug|Any CPU
		Release|Any CPU = Release|Any CPU
	EndGlobalSection
	GlobalSection(ProjectConfigurationPlatforms) = postSolution
		{3CFFDDA0-C99B-472F-BC4D-A41D62AFF63B}.Debug|Any CPU.ActiveCfg = Debug|Any CPU
		{3CFFDDA0-C99B-472F-BC4D-A41D62AFF63B}.Debug|Any CPU.Build.0 = Debug|Any CPU
		{3CFFDDA0-C99B-472F-BC4D-A41D62AFF63B}.Release|Any CPU.ActiveCfg = Release|Any CPU
		{3CFFDDA0-C99B-472F-BC4D-A41D62AFF63B}.Release|Any CPU.Build.0 = Release|Any CPU
	EndGlobalSection
	GlobalSection(SolutionProperties) = preSolution
		HideSolutionNode = FALSE
	EndGlobalSection
	GlobalSection(ExtensibilityGlobals) = postSolution
		SolutionGuid = {79AB4EE4-EA52-4363-93A4-D144A6D52A88}
	EndGlobalSection
EndGlobal
